
Microsoft Visual Studio Solution File, Format Version 12.00
# Visual Studio Version 17
VisualStudioVersion = 17.13.35825.156 d17.13
MinimumVisualStudioVersion = 10.0.40219.1
Project("{FAE04EC0-301F-11D3-BF4B-00C04F79EFBC}") = "Compras Mercado", "Compras Mercado\Compras Mercado.csproj", "{B3BF5CEF-7A62-4DCE-8583-6D1A1909DC2E}"
EndProject
Global
	GlobalSection(SolutionConfigurationPlatforms) = preSolution
		Debug|Any CPU = Debug|Any CPU
		Release|Any CPU = Release|Any CPU
	EndGlobalSection
	GlobalSection(ProjectConfigurationPlatforms) = postSolution
		{B3BF5CEF-7A62-4DCE-8583-6D1A1909DC2E}.Debug|Any CPU.ActiveCfg = Debug|Any CPU
		{B3BF5CEF-7A62-4DCE-8583-6D1A1909DC2E}.Debug|Any CPU.Build.0 = Debug|Any CPU
		{B3BF5CEF-7A62-4DCE-8583-6D1A1909DC2E}.Release|Any CPU.ActiveCfg = Release|Any CPU
		{B3BF5CEF-7A62-4DCE-8583-6D1A1909DC2E}.Release|Any CPU.Build.0 = Release|Any CPU
	EndGlobalSection
	GlobalSection(SolutionProperties) = preSolution
		HideSolutionNode = FALSE
	EndGlobalSection
	GlobalSection(ExtensibilityGlobals) = postSolution
		SolutionGuid = {03065772-EFA4-422F-8AAB-C7D755AA7AE3}
	EndGlobalSection
EndGlobal
